
Microsoft Visual Studio Solution File, Format Version 12.00
# Visual Studio Version 17
VisualStudioVersion = 17.14.36221.1
MinimumVisualStudioVersion = 10.0.40219.1
Project("{FAE04EC0-301F-11D3-BF4B-00C04F79EFBC}") = "AccountingApp.Core", "AccountingApp.Core\AccountingApp.Core.csproj", "{62287926-94F0-47BF-AF64-2D9D627FBB50}"
EndProject
Project("{FAE04EC0-301F-11D3-BF4B-00C04F79EFBC}") = "AccountingApp.Data", "AccountingApp.Data\AccountingApp.Data.csproj", "{BB72FFDB-3336-428A-B46F-C5443F0A3CB1}"
EndProject
Project("{FAE04EC0-301F-11D3-BF4B-00C04F79EFBC}") = "AccountingApp.API", "AccountingApp.API\AccountingApp.API.csproj", "{C1CEFD99-8B37-4609-B095-74B73B5D53D7}"
EndProject
Project("{FAE04EC0-301F-11D3-BF4B-00C04F79EFBC}") = "AccountingApp.Service", "AccountingApp.Service\AccountingApp.Service.csproj", "{135E53D9-A859-434F-B352-B6BC574427F7}"
EndProject
Global
	GlobalSection(SolutionConfigurationPlatforms) = preSolution
		Debug|Any CPU = Debug|Any CPU
		Release|Any CPU = Release|Any CPU
	EndGlobalSection
	GlobalSection(ProjectConfigurationPlatforms) = postSolution
		{62287926-94F0-47BF-AF64-2D9D627FBB50}.Debug|Any CPU.ActiveCfg = Debug|Any CPU
		{62287926-94F0-47BF-AF64-2D9D627FBB50}.Debug|Any CPU.Build.0 = Debug|Any CPU
		{62287926-94F0-47BF-AF64-2D9D627FBB50}.Release|Any CPU.ActiveCfg = Release|Any CPU
		{62287926-94F0-47BF-AF64-2D9D627FBB50}.Release|Any CPU.Build.0 = Release|Any CPU
		{BB72FFDB-3336-428A-B46F-C5443F0A3CB1}.Debug|Any CPU.ActiveCfg = Debug|Any CPU
		{BB72FFDB-3336-428A-B46F-C5443F0A3CB1}.Debug|Any CPU.Build.0 = Debug|Any CPU
		{BB72FFDB-3336-428A-B46F-C5443F0A3CB1}.Release|Any CPU.ActiveCfg = Release|Any CPU
		{BB72FFDB-3336-428A-B46F-C5443F0A3CB1}.Release|Any CPU.Build.0 = Release|Any CPU
		{C1CEFD99-8B37-4609-B095-74B73B5D53D7}.Debug|Any CPU.ActiveCfg = Debug|Any CPU
		{C1CEFD99-8B37-4609-B095-74B73B5D53D7}.Debug|Any CPU.Build.0 = Debug|Any CPU
		{C1CEFD99-8B37-4609-B095-74B73B5D53D7}.Release|Any CPU.ActiveCfg = Release|Any CPU
		{C1CEFD99-8B37-4609-B095-74B73B5D53D7}.Release|Any CPU.Build.0 = Release|Any CPU
		{135E53D9-A859-434F-B352-B6BC574427F7}.Debug|Any CPU.ActiveCfg = Debug|Any CPU
		{135E53D9-A859-434F-B352-B6BC574427F7}.Debug|Any CPU.Build.0 = Debug|Any CPU
		{135E53D9-A859-434F-B352-B6BC574427F7}.Release|Any CPU.ActiveCfg = Release|Any CPU
		{135E53D9-A859-434F-B352-B6BC574427F7}.Release|Any CPU.Build.0 = Release|Any CPU
	EndGlobalSection
	GlobalSection(SolutionProperties) = preSolution
		HideSolutionNode = FALSE
	EndGlobalSection
	GlobalSection(ExtensibilityGlobals) = postSolution
		SolutionGuid = {ECE33476-3CFD-4D2E-9152-CD7896E90F02}
	EndGlobalSection
EndGlobal
